
Microsoft Visual Studio Solution File, Format Version 12.00
# Visual Studio Version 17
VisualStudioVersion = 17.11.35327.3
MinimumVisualStudioVersion = 10.0.40219.1
Project("{9A19103F-16F7-4668-BE54-9A1E7A4F7556}") = "SalesWebMvc", "SalessWebMvc\SalesWebMvc.csproj", "{5A0FC1EE-4685-4628-ACED-4E2C20E3315D}"
EndProject
Global
	GlobalSection(SolutionConfigurationPlatforms) = preSolution
		Debug|Any CPU = Debug|Any CPU
		Release|Any CPU = Release|Any CPU
	EndGlobalSection
	GlobalSection(ProjectConfigurationPlatforms) = postSolution
		{5A0FC1EE-4685-4628-ACED-4E2C20E3315D}.Debug|Any CPU.ActiveCfg = Debug|Any CPU
		{5A0FC1EE-4685-4628-ACED-4E2C20E3315D}.Debug|Any CPU.Build.0 = Debug|Any CPU
		{5A0FC1EE-4685-4628-ACED-4E2C20E3315D}.Release|Any CPU.ActiveCfg = Release|Any CPU
		{5A0FC1EE-4685-4628-ACED-4E2C20E3315D}.Release|Any CPU.Build.0 = Release|Any CPU
	EndGlobalSection
	GlobalSection(SolutionProperties) = preSolution
		HideSolutionNode = FALSE
	EndGlobalSection
	GlobalSection(ExtensibilityGlobals) = postSolution
		SolutionGuid = {8E35D14D-86BF-4610-8D5C-11C35FBCDD4A}
	EndGlobalSection
EndGlobal
